
Microsoft Visual Studio Solution File, Format Version 12.00
# Visual Studio 2013
VisualStudioVersion = 12.0.31101.0
MinimumVisualStudioVersion = 10.0.40219.1
Project("{FAE04EC0-301F-11D3-BF4B-00C04F79EFBC}") = "EInvoice_Chevron", "EInvoice_Chevron\EInvoice_Chevron.csproj", "{3A1B2B73-B40D-4178-901E-2D3AAB8165C4}"
EndProject
Project("{FAE04EC0-301F-11D3-BF4B-00C04F79EFBC}") = "WindowsFormsApplication1", "WindowsFormsApplication1\WindowsFormsApplication1.csproj", "{C96DE5DA-499E-4826-BD6A-F11A0DA49B2D}"
EndProject
Global
	GlobalSection(TeamFoundationVersionControl) = preSolution
		SccNumberOfProjects = 3
		SccEnterpriseProvider = {4CA58AB2-18FA-4F8D-95D4-32DDF27D184C}
		SccTeamFoundationServer = http://ssi-tfs:8080/tfs/supremeservicescollection
		SccLocalPath0 = .
		SccProjectUniqueName1 = EInvoice_Chevron\\EInvoice_Chevron.csproj
		SccProjectName1 = EInvoice_Chevron
		SccLocalPath1 = EInvoice_Chevron
		SccProjectUniqueName2 = WindowsFormsApplication1\\WindowsFormsApplication1.csproj
		SccProjectName2 = WindowsFormsApplication1
		SccLocalPath2 = WindowsFormsApplication1
	EndGlobalSection
	GlobalSection(SolutionConfigurationPlatforms) = preSolution
		Debug|Any CPU = Debug|Any CPU
		Debug|Mixed Platforms = Debug|Mixed Platforms
		Debug|x86 = Debug|x86
		Release|Any CPU = Release|Any CPU
		Release|Mixed Platforms = Release|Mixed Platforms
		Release|x86 = Release|x86
	EndGlobalSection
	GlobalSection(ProjectConfigurationPlatforms) = postSolution
		{3A1B2B73-B40D-4178-901E-2D3AAB8165C4}.Debug|Any CPU.ActiveCfg = Debug|Any CPU
		{3A1B2B73-B40D-4178-901E-2D3AAB8165C4}.Debug|Any CPU.Build.0 = Debug|Any CPU
		{3A1B2B73-B40D-4178-901E-2D3AAB8165C4}.Debug|Mixed Platforms.ActiveCfg = Debug|Any CPU
		{3A1B2B73-B40D-4178-901E-2D3AAB8165C4}.Debug|Mixed Platforms.Build.0 = Debug|Any CPU
		{3A1B2B73-B40D-4178-901E-2D3AAB8165C4}.Debug|x86.ActiveCfg = Debug|Any CPU
		{3A1B2B73-B40D-4178-901E-2D3AAB8165C4}.Release|Any CPU.ActiveCfg = Release|Any CPU
		{3A1B2B73-B40D-4178-901E-2D3AAB8165C4}.Release|Any CPU.Build.0 = Release|Any CPU
		{3A1B2B73-B40D-4178-901E-2D3AAB8165C4}.Release|Mixed Platforms.ActiveCfg = Release|Any CPU
		{3A1B2B73-B40D-4178-901E-2D3AAB8165C4}.Release|Mixed Platforms.Build.0 = Release|Any CPU
		{3A1B2B73-B40D-4178-901E-2D3AAB8165C4}.Release|x86.ActiveCfg = Release|Any CPU
		{C96DE5DA-499E-4826-BD6A-F11A0DA49B2D}.Debug|Any CPU.ActiveCfg = Debug|x86
		{C96DE5DA-499E-4826-BD6A-F11A0DA49B2D}.Debug|Mixed Platforms.ActiveCfg = Debug|x86
		{C96DE5DA-499E-4826-BD6A-F11A0DA49B2D}.Debug|Mixed Platforms.Build.0 = Debug|x86
		{C96DE5DA-499E-4826-BD6A-F11A0DA49B2D}.Debug|x86.ActiveCfg = Debug|x86
		{C96DE5DA-499E-4826-BD6A-F11A0DA49B2D}.Debug|x86.Build.0 = Debug|x86
		{C96DE5DA-499E-4826-BD6A-F11A0DA49B2D}.Release|Any CPU.ActiveCfg = Release|x86
		{C96DE5DA-499E-4826-BD6A-F11A0DA49B2D}.Release|Mixed Platforms.ActiveCfg = Release|x86
		{C96DE5DA-499E-4826-BD6A-F11A0DA49B2D}.Release|Mixed Platforms.Build.0 = Release|x86
		{C96DE5DA-499E-4826-BD6A-F11A0DA49B2D}.Release|x86.ActiveCfg = Release|x86
		{C96DE5DA-499E-4826-BD6A-F11A0DA49B2D}.Release|x86.Build.0 = Release|x86
	EndGlobalSection
	GlobalSection(SolutionProperties) = preSolution
		HideSolutionNode = FALSE
	EndGlobalSection
EndGlobal
